
Microsoft Visual Studio Solution File, Format Version 12.00
# Visual Studio Version 16
VisualStudioVersion = 16.0.30413.136
MinimumVisualStudioVersion = 10.0.40219.1
Project("{FAE04EC0-301F-11D3-BF4B-00C04F79EFBC}") = "Proje_Hastane", "Proje_Hastane.csproj", "{093025F7-8580-4C4A-B974-A9F6274D493C}"
EndProject
Global
	GlobalSection(SolutionConfigurationPlatforms) = preSolution
		Debug|Any CPU = Debug|Any CPU
		Release|Any CPU = Release|Any CPU
	EndGlobalSection
	GlobalSection(ProjectConfigurationPlatforms) = postSolution
		{093025F7-8580-4C4A-B974-A9F6274D493C}.Debug|Any CPU.ActiveCfg = Debug|Any CPU
		{093025F7-8580-4C4A-B974-A9F6274D493C}.Debug|Any CPU.Build.0 = Debug|Any CPU
		{093025F7-8580-4C4A-B974-A9F6274D493C}.Release|Any CPU.ActiveCfg = Release|Any CPU
		{093025F7-8580-4C4A-B974-A9F6274D493C}.Release|Any CPU.Build.0 = Release|Any CPU
	EndGlobalSection
	GlobalSection(SolutionProperties) = preSolution
		HideSolutionNode = FALSE
	EndGlobalSection
	GlobalSection(ExtensibilityGlobals) = postSolution
		SolutionGuid = {C8C172C9-FC05-4CAC-805E-1503F742B249}
	EndGlobalSection
EndGlobal
